
Microsoft Visual Studio Solution File, Format Version 12.00
# Visual Studio Version 17
VisualStudioVersion = 17.4.33213.308
MinimumVisualStudioVersion = 10.0.40219.1
Project("{FAE04EC0-301F-11D3-BF4B-00C04F79EFBC}") = "MathGame", "MathGame\MathGame.csproj", "{DE9EF2A0-3679-4340-BCD0-430509BD9439}"
EndProject
Global
	GlobalSection(SolutionConfigurationPlatforms) = preSolution
		Debug|Any CPU = Debug|Any CPU
		Release|Any CPU = Release|Any CPU
	EndGlobalSection
	GlobalSection(ProjectConfigurationPlatforms) = postSolution
		{DE9EF2A0-3679-4340-BCD0-430509BD9439}.Debug|Any CPU.ActiveCfg = Debug|Any CPU
		{DE9EF2A0-3679-4340-BCD0-430509BD9439}.Debug|Any CPU.Build.0 = Debug|Any CPU
		{DE9EF2A0-3679-4340-BCD0-430509BD9439}.Release|Any CPU.ActiveCfg = Release|Any CPU
		{DE9EF2A0-3679-4340-BCD0-430509BD9439}.Release|Any CPU.Build.0 = Release|Any CPU
	EndGlobalSection
	GlobalSection(SolutionProperties) = preSolution
		HideSolutionNode = FALSE
	EndGlobalSection
	GlobalSection(ExtensibilityGlobals) = postSolution
		SolutionGuid = {65255958-E211-4EA9-AAD0-08894C7B7637}
	EndGlobalSection
EndGlobal
